{
  "name": "g-migrations",
  "version": "1.2.1",
  "lockfileVersion": 3,
  "requires": true,
  "packages": {
    "": {
      "name": "g-migrations",
      "version": "1.2.1",
      "license": "UNLICENSED",
      "dependencies": {
        "async": "^2.6.1",
        "g-autoloader": "git+https://github.com/tipee-sa/g-autoloader.git#1.1.1"
      },
      "engines": {
        "node": ">=10.13.0"
      }
    },
    "node_modules/async": {
      "version": "2.6.1",
      "resolved": "https://registry.npmjs.org/async/-/async-2.6.1.tgz",
      "integrity": "sha512-fNEiL2+AZt6AlAw/29Cr0UDe4sRAHCpEHh54WMz+Bb7QfNcFw4h3loofyJpLeQs4Yx7yuqu/2dLgM5hKOs6HlQ==",
      "dependencies": {
        "lodash": "^4.17.10"
      }
    },
    "node_modules/foreachasync": {
      "version": "3.0.0",
      "resolved": "https://registry.npmjs.org/foreachasync/-/foreachasync-3.0.0.tgz",
      "integrity": "sha1-VQKYfchxS+M5IJfzLgBxyd7gfPY="
    },
    "node_modules/g-autoloader": {
      "version": "1.1.1",
      "resolved": "git+ssh://git@github.com/tipee-sa/g-autoloader.git#829060d12dc27dd432a3b8e5c46f9f416e5b5b2e",
      "license": "UNLICENSED",
      "dependencies": {
        "walk": "^2.3.14"
      },
      "engines": {
        "node": ">=10.13.0"
      }
    },
    "node_modules/lodash": {
      "version": "4.17.11",
      "resolved": "https://registry.npmjs.org/lodash/-/lodash-4.17.11.tgz",
      "integrity": "sha512-cQKh8igo5QUhZ7lg38DYWAxMvjSAKG0A8wGSVimP07SIUEK2UO+arSRKbRZWtelMtN5V0Hkwh5ryOto/SshYIg=="
    },
    "node_modules/walk": {
      "version": "2.3.14",
      "resolved": "https://registry.npmjs.org/walk/-/walk-2.3.14.tgz",
      "integrity": "sha512-5skcWAUmySj6hkBdH6B6+3ddMjVQYH5Qy9QGbPmN8kVmLteXk+yVXg+yfk1nbX30EYakahLrr8iPcCxJQSCBeg==",
      "dependencies": {
        "foreachasync": "^3.0.0"
      }
    }
  }
}
